
Microsoft Visual Studio Solution File, Format Version 12.00
# Visual Studio Version 17
VisualStudioVersion = 17.3.32825.248
MinimumVisualStudioVersion = 10.0.40219.1
Project("{FAE04EC0-301F-11D3-BF4B-00C04F79EFBC}") = "Filarmony", "Filarmony\Filarmony.csproj", "{AE0E3C76-3C9C-409E-93B7-93312EB2CCD0}"
EndProject
Global
	GlobalSection(SolutionConfigurationPlatforms) = preSolution
		Debug|Any CPU = Debug|Any CPU
		Release|Any CPU = Release|Any CPU
	EndGlobalSection
	GlobalSection(ProjectConfigurationPlatforms) = postSolution
		{AE0E3C76-3C9C-409E-93B7-93312EB2CCD0}.Debug|Any CPU.ActiveCfg = Debug|Any CPU
		{AE0E3C76-3C9C-409E-93B7-93312EB2CCD0}.Debug|Any CPU.Build.0 = Debug|Any CPU
		{AE0E3C76-3C9C-409E-93B7-93312EB2CCD0}.Release|Any CPU.ActiveCfg = Release|Any CPU
		{AE0E3C76-3C9C-409E-93B7-93312EB2CCD0}.Release|Any CPU.Build.0 = Release|Any CPU
	EndGlobalSection
	GlobalSection(SolutionProperties) = preSolution
		HideSolutionNode = FALSE
	EndGlobalSection
	GlobalSection(ExtensibilityGlobals) = postSolution
		SolutionGuid = {C7C670E1-9B32-45FD-B3A8-61FC4020B047}
	EndGlobalSection
EndGlobal
